
Microsoft Visual Studio Solution File, Format Version 12.00
# Visual Studio Version 17
VisualStudioVersion = 17.0.31919.166
MinimumVisualStudioVersion = 10.0.40219.1
Project("{FAE04EC0-301F-11D3-BF4B-00C04F79EFBC}") = "VoucherService.Api", "VoucherService.Api\VoucherService.Api.csproj", "{5CCB9643-FF8B-432C-9F65-60249F9E7480}"
EndProject
Global
	GlobalSection(SolutionConfigurationPlatforms) = preSolution
		Debug|Any CPU = Debug|Any CPU
		Release|Any CPU = Release|Any CPU
	EndGlobalSection
	GlobalSection(ProjectConfigurationPlatforms) = postSolution
		{5CCB9643-FF8B-432C-9F65-60249F9E7480}.Debug|Any CPU.ActiveCfg = Debug|Any CPU
		{5CCB9643-FF8B-432C-9F65-60249F9E7480}.Debug|Any CPU.Build.0 = Debug|Any CPU
		{5CCB9643-FF8B-432C-9F65-60249F9E7480}.Release|Any CPU.ActiveCfg = Release|Any CPU
		{5CCB9643-FF8B-432C-9F65-60249F9E7480}.Release|Any CPU.Build.0 = Release|Any CPU
	EndGlobalSection
	GlobalSection(SolutionProperties) = preSolution
		HideSolutionNode = FALSE
	EndGlobalSection
	GlobalSection(ExtensibilityGlobals) = postSolution
		SolutionGuid = {4E3F542D-06A4-4502-9B32-AF2BB2B2E2B8}
	EndGlobalSection
EndGlobal
